
Microsoft Visual Studio Solution File, Format Version 12.00
# Visual Studio Version 16
VisualStudioVersion = 16.0.30503.244
MinimumVisualStudioVersion = 10.0.40219.1
Project("{FAE04EC0-301F-11D3-BF4B-00C04F79EFBC}") = "Dojo2", "Dojo2\Dojo2.csproj", "{7449E27B-53C0-4084-AC7C-BE0831EF734D}"
EndProject
Global
	GlobalSection(SolutionConfigurationPlatforms) = preSolution
		Debug|Any CPU = Debug|Any CPU
		Release|Any CPU = Release|Any CPU
	EndGlobalSection
	GlobalSection(ProjectConfigurationPlatforms) = postSolution
		{7449E27B-53C0-4084-AC7C-BE0831EF734D}.Debug|Any CPU.ActiveCfg = Debug|Any CPU
		{7449E27B-53C0-4084-AC7C-BE0831EF734D}.Debug|Any CPU.Build.0 = Debug|Any CPU
		{7449E27B-53C0-4084-AC7C-BE0831EF734D}.Release|Any CPU.ActiveCfg = Release|Any CPU
		{7449E27B-53C0-4084-AC7C-BE0831EF734D}.Release|Any CPU.Build.0 = Release|Any CPU
	EndGlobalSection
	GlobalSection(SolutionProperties) = preSolution
		HideSolutionNode = FALSE
	EndGlobalSection
	GlobalSection(ExtensibilityGlobals) = postSolution
		SolutionGuid = {E5476BCC-71AD-48C0-8497-96936F900FD4}
	EndGlobalSection
EndGlobal
