
Microsoft Visual Studio Solution File, Format Version 12.00
# Visual Studio Version 16
VisualStudioVersion = 16.0.30503.244
MinimumVisualStudioVersion = 10.0.40219.1
Project("{FAE04EC0-301F-11D3-BF4B-00C04F79EFBC}") = "Ev_Del_Udm", "Ev_Del_Udm\Ev_Del_Udm.csproj", "{36642437-FBDB-4642-9C97-931D42076D67}"
EndProject
Global
	GlobalSection(SolutionConfigurationPlatforms) = preSolution
		Debug|Any CPU = Debug|Any CPU
		Release|Any CPU = Release|Any CPU
	EndGlobalSection
	GlobalSection(ProjectConfigurationPlatforms) = postSolution
		{36642437-FBDB-4642-9C97-931D42076D67}.Debug|Any CPU.ActiveCfg = Debug|Any CPU
		{36642437-FBDB-4642-9C97-931D42076D67}.Debug|Any CPU.Build.0 = Debug|Any CPU
		{36642437-FBDB-4642-9C97-931D42076D67}.Release|Any CPU.ActiveCfg = Release|Any CPU
		{36642437-FBDB-4642-9C97-931D42076D67}.Release|Any CPU.Build.0 = Release|Any CPU
	EndGlobalSection
	GlobalSection(SolutionProperties) = preSolution
		HideSolutionNode = FALSE
	EndGlobalSection
	GlobalSection(ExtensibilityGlobals) = postSolution
		SolutionGuid = {819F3EA1-E2D5-4E50-BCC3-E1C7E4CDCFA2}
	EndGlobalSection
EndGlobal
